
Microsoft Visual Studio Solution File, Format Version 12.00
# Visual Studio 15
VisualStudioVersion = 15.0.28307.902
MinimumVisualStudioVersion = 10.0.40219.1
Project("{FAE04EC0-301F-11D3-BF4B-00C04F79EFBC}") = "WikiSearch", "WikiSearch\WikiSearch.csproj", "{DD09BE5B-5F3A-447A-8D2E-77DFB35618ED}"
EndProject
Global
	GlobalSection(SolutionConfigurationPlatforms) = preSolution
		Debug|Any CPU = Debug|Any CPU
		Release|Any CPU = Release|Any CPU
	EndGlobalSection
	GlobalSection(ProjectConfigurationPlatforms) = postSolution
		{DD09BE5B-5F3A-447A-8D2E-77DFB35618ED}.Debug|Any CPU.ActiveCfg = Debug|Any CPU
		{DD09BE5B-5F3A-447A-8D2E-77DFB35618ED}.Debug|Any CPU.Build.0 = Debug|Any CPU
		{DD09BE5B-5F3A-447A-8D2E-77DFB35618ED}.Release|Any CPU.ActiveCfg = Release|Any CPU
		{DD09BE5B-5F3A-447A-8D2E-77DFB35618ED}.Release|Any CPU.Build.0 = Release|Any CPU
	EndGlobalSection
	GlobalSection(SolutionProperties) = preSolution
		HideSolutionNode = FALSE
	EndGlobalSection
	GlobalSection(ExtensibilityGlobals) = postSolution
		SolutionGuid = {ECA3F03D-83C2-49B4-8451-E8F20CA7E172}
	EndGlobalSection
EndGlobal
